
Microsoft Visual Studio Solution File, Format Version 12.00
# Visual Studio Version 17
VisualStudioVersion = 17.12.35527.113
MinimumVisualStudioVersion = 10.0.40219.1
Project("{FAE04EC0-301F-11D3-BF4B-00C04F79EFBC}") = "FileConsumer", "FileConsumer\FileConsumer.csproj", "{7A20F2A1-D6D3-41DA-AA33-4241A0FCC76F}"
EndProject
Project("{FAE04EC0-301F-11D3-BF4B-00C04F79EFBC}") = "FileConsumer.Tests", "FileConsumer.Tests\FileConsumer.Tests.csproj", "{B81D709F-E802-4E8D-81BD-0F3BF2C2F085}"
EndProject
Global
	GlobalSection(SolutionConfigurationPlatforms) = preSolution
		Debug|Any CPU = Debug|Any CPU
		Release|Any CPU = Release|Any CPU
	EndGlobalSection
	GlobalSection(ProjectConfigurationPlatforms) = postSolution
		{7A20F2A1-D6D3-41DA-AA33-4241A0FCC76F}.Debug|Any CPU.ActiveCfg = Debug|Any CPU
		{7A20F2A1-D6D3-41DA-AA33-4241A0FCC76F}.Debug|Any CPU.Build.0 = Debug|Any CPU
		{7A20F2A1-D6D3-41DA-AA33-4241A0FCC76F}.Release|Any CPU.ActiveCfg = Release|Any CPU
		{7A20F2A1-D6D3-41DA-AA33-4241A0FCC76F}.Release|Any CPU.Build.0 = Release|Any CPU
		{B81D709F-E802-4E8D-81BD-0F3BF2C2F085}.Debug|Any CPU.ActiveCfg = Debug|Any CPU
		{B81D709F-E802-4E8D-81BD-0F3BF2C2F085}.Debug|Any CPU.Build.0 = Debug|Any CPU
		{B81D709F-E802-4E8D-81BD-0F3BF2C2F085}.Release|Any CPU.ActiveCfg = Release|Any CPU
		{B81D709F-E802-4E8D-81BD-0F3BF2C2F085}.Release|Any CPU.Build.0 = Release|Any CPU
	EndGlobalSection
	GlobalSection(SolutionProperties) = preSolution
		HideSolutionNode = FALSE
	EndGlobalSection
EndGlobal
